
Microsoft Visual Studio Solution File, Format Version 12.00
# Visual Studio 15
VisualStudioVersion = 15.0.28307.779
MinimumVisualStudioVersion = 10.0.40219.1
Project("{FAE04EC0-301F-11D3-BF4B-00C04F79EFBC}") = "CarSharing", "CarSharing\CarSharing.csproj", "{652F05FD-6848-4CF9-BC52-2CED9F9AC818}"
EndProject
Global
	GlobalSection(SolutionConfigurationPlatforms) = preSolution
		Debug|Any CPU = Debug|Any CPU
		Release|Any CPU = Release|Any CPU
	EndGlobalSection
	GlobalSection(ProjectConfigurationPlatforms) = postSolution
		{652F05FD-6848-4CF9-BC52-2CED9F9AC818}.Debug|Any CPU.ActiveCfg = Debug|Any CPU
		{652F05FD-6848-4CF9-BC52-2CED9F9AC818}.Debug|Any CPU.Build.0 = Debug|Any CPU
		{652F05FD-6848-4CF9-BC52-2CED9F9AC818}.Release|Any CPU.ActiveCfg = Release|Any CPU
		{652F05FD-6848-4CF9-BC52-2CED9F9AC818}.Release|Any CPU.Build.0 = Release|Any CPU
	EndGlobalSection
	GlobalSection(SolutionProperties) = preSolution
		HideSolutionNode = FALSE
	EndGlobalSection
	GlobalSection(ExtensibilityGlobals) = postSolution
		SolutionGuid = {F60499B6-1D8F-4C05-AB7E-81A6D5443C07}
	EndGlobalSection
EndGlobal
